
Microsoft Visual Studio Solution File, Format Version 12.00
# Visual Studio Version 17
VisualStudioVersion = 17.5.002.0
MinimumVisualStudioVersion = 10.0.40219.1
Project("{2150E333-8FDC-42A3-9474-1A3956D46DE8}") = "lesson_1", "lesson_1", "{6601FCA1-2C93-4564-A25E-5C05E0396DF3}"
EndProject
Project("{9A19103F-16F7-4668-BE54-9A1E7A4F7556}") = "1_1", "lesson_1\1_1\1_1.csproj", "{18AFCBEF-13FE-48C0-9524-5652F7E9DE50}"
EndProject
Global
	GlobalSection(SolutionConfigurationPlatforms) = preSolution
		Debug|Any CPU = Debug|Any CPU
		Release|Any CPU = Release|Any CPU
	EndGlobalSection
	GlobalSection(ProjectConfigurationPlatforms) = postSolution
		{18AFCBEF-13FE-48C0-9524-5652F7E9DE50}.Debug|Any CPU.ActiveCfg = Debug|Any CPU
		{18AFCBEF-13FE-48C0-9524-5652F7E9DE50}.Debug|Any CPU.Build.0 = Debug|Any CPU
		{18AFCBEF-13FE-48C0-9524-5652F7E9DE50}.Release|Any CPU.ActiveCfg = Release|Any CPU
		{18AFCBEF-13FE-48C0-9524-5652F7E9DE50}.Release|Any CPU.Build.0 = Release|Any CPU
	EndGlobalSection
	GlobalSection(SolutionProperties) = preSolution
		HideSolutionNode = FALSE
	EndGlobalSection
	GlobalSection(NestedProjects) = preSolution
		{18AFCBEF-13FE-48C0-9524-5652F7E9DE50} = {6601FCA1-2C93-4564-A25E-5C05E0396DF3}
	EndGlobalSection
	GlobalSection(ExtensibilityGlobals) = postSolution
		SolutionGuid = {23B5E074-6058-4307-87FF-E23808C13DE7}
	EndGlobalSection
EndGlobal
